
Microsoft Visual Studio Solution File, Format Version 12.00
# Visual Studio 15
VisualStudioVersion = 15.0.27004.2005
MinimumVisualStudioVersion = 10.0.40219.1
Project("{2150E333-8FDC-42A3-9474-1A3956D46DE8}") = "web", "web", "{15D27B19-2476-47F5-927A-6449C6A3A9C0}"
EndProject
Project("{9A19103F-16F7-4668-BE54-9A1E7A4F7556}") = "Site", "Site\Site.csproj", "{DEF8332E-5E31-4705-ACA2-E04A84B4966B}"
EndProject
Project("{2150E333-8FDC-42A3-9474-1A3956D46DE8}") = "git", "git", "{EAE946BD-8E59-46A6-8320-785C2E386C3F}"
	ProjectSection(SolutionItems) = preProject
		.gitattributes = .gitattributes
		.gitignore = .gitignore
	EndProjectSection
EndProject
Project("{E53339B2-1760-4266-BCC7-CA923CBCF16C}") = "docker-compose", "docker-compose.dcproj", "{F24E7002-4D07-4A45-B487-F804C4894059}"
EndProject
Project("{2150E333-8FDC-42A3-9474-1A3956D46DE8}") = "build", "build", "{6E97D6D3-C056-4332-B634-ABEB966E86AD}"
EndProject
Global
	GlobalSection(SolutionConfigurationPlatforms) = preSolution
		Debug|Any CPU = Debug|Any CPU
		Release|Any CPU = Release|Any CPU
	EndGlobalSection
	GlobalSection(ProjectConfigurationPlatforms) = postSolution
		{DEF8332E-5E31-4705-ACA2-E04A84B4966B}.Debug|Any CPU.ActiveCfg = Debug|Any CPU
		{DEF8332E-5E31-4705-ACA2-E04A84B4966B}.Debug|Any CPU.Build.0 = Debug|Any CPU
		{DEF8332E-5E31-4705-ACA2-E04A84B4966B}.Release|Any CPU.ActiveCfg = Release|Any CPU
		{DEF8332E-5E31-4705-ACA2-E04A84B4966B}.Release|Any CPU.Build.0 = Release|Any CPU
		{F24E7002-4D07-4A45-B487-F804C4894059}.Debug|Any CPU.ActiveCfg = Debug|Any CPU
		{F24E7002-4D07-4A45-B487-F804C4894059}.Debug|Any CPU.Build.0 = Debug|Any CPU
		{F24E7002-4D07-4A45-B487-F804C4894059}.Release|Any CPU.ActiveCfg = Release|Any CPU
		{F24E7002-4D07-4A45-B487-F804C4894059}.Release|Any CPU.Build.0 = Release|Any CPU
	EndGlobalSection
	GlobalSection(SolutionProperties) = preSolution
		HideSolutionNode = FALSE
	EndGlobalSection
	GlobalSection(NestedProjects) = preSolution
		{DEF8332E-5E31-4705-ACA2-E04A84B4966B} = {15D27B19-2476-47F5-927A-6449C6A3A9C0}
	EndGlobalSection
	GlobalSection(ExtensibilityGlobals) = postSolution
		SolutionGuid = {B726AE15-8A25-4FFC-A28E-CB92C3CC9B9F}
	EndGlobalSection
EndGlobal
